{
  "object": {
    "pins": [
      {
        "package": "geodesic",
        "repositoryURL": "https://github.com/dastrobu/geodesic.git",
        "state": {
          "branch": null,
          "revision": "3b48ce82245e46a0b555475eead29b677e30e6c0",
          "version": "1.2.0"
        }
      }
    ]
  },
  "version": 1
}
