{
  "object": {
    "pins": [
      {
        "package": "geodesic",
        "repositoryURL": "https://github.com/dastrobu/geodesic.git",
        "state": {
          "branch": null,
          "revision": "bdfda137274ab8615626784e01d81cc08a0f9d29",
          "version": "1.1.0"
        }
      }
    ]
  },
  "version": 1
}
